
Microsoft Visual Studio Solution File, Format Version 12.00
# Visual Studio Version 16
VisualStudioVersion = 16.0.30717.126
MinimumVisualStudioVersion = 10.0.40219.1
Project("{FAE04EC0-301F-11D3-BF4B-00C04F79EFBC}") = "POS", "POS\POS.csproj", "{B5062A92-BE5B-4861-B5B3-7FCAAAF4AB6D}"
EndProject
Global
	GlobalSection(SolutionConfigurationPlatforms) = preSolution
		Debug|Any CPU = Debug|Any CPU
		Release|Any CPU = Release|Any CPU
	EndGlobalSection
	GlobalSection(ProjectConfigurationPlatforms) = postSolution
		{B5062A92-BE5B-4861-B5B3-7FCAAAF4AB6D}.Debug|Any CPU.ActiveCfg = Debug|Any CPU
		{B5062A92-BE5B-4861-B5B3-7FCAAAF4AB6D}.Debug|Any CPU.Build.0 = Debug|Any CPU
		{B5062A92-BE5B-4861-B5B3-7FCAAAF4AB6D}.Release|Any CPU.ActiveCfg = Release|Any CPU
		{B5062A92-BE5B-4861-B5B3-7FCAAAF4AB6D}.Release|Any CPU.Build.0 = Release|Any CPU
	EndGlobalSection
	GlobalSection(SolutionProperties) = preSolution
		HideSolutionNode = FALSE
	EndGlobalSection
	GlobalSection(ExtensibilityGlobals) = postSolution
		SolutionGuid = {2DB3718F-E274-4769-922F-44B00BAF5992}
	EndGlobalSection
EndGlobal
